
Microsoft Visual Studio Solution File, Format Version 12.00
# Visual Studio Version 17
VisualStudioVersion = 17.7.34031.279
MinimumVisualStudioVersion = 10.0.40219.1
Project("{8BC9CEB8-8B4A-11D0-8D11-00A0C91BC942}") = "netology_hw3.10.2", "netology_hw3.10.2.vcxproj", "{A1B0AB68-6B15-4D40-8C3F-847F771A0277}"
EndProject
Global
	GlobalSection(SolutionConfigurationPlatforms) = preSolution
		Debug|x64 = Debug|x64
		Debug|x86 = Debug|x86
		Release|x64 = Release|x64
		Release|x86 = Release|x86
	EndGlobalSection
	GlobalSection(ProjectConfigurationPlatforms) = postSolution
		{A1B0AB68-6B15-4D40-8C3F-847F771A0277}.Debug|x64.ActiveCfg = Debug|x64
		{A1B0AB68-6B15-4D40-8C3F-847F771A0277}.Debug|x64.Build.0 = Debug|x64
		{A1B0AB68-6B15-4D40-8C3F-847F771A0277}.Debug|x86.ActiveCfg = Debug|Win32
		{A1B0AB68-6B15-4D40-8C3F-847F771A0277}.Debug|x86.Build.0 = Debug|Win32
		{A1B0AB68-6B15-4D40-8C3F-847F771A0277}.Release|x64.ActiveCfg = Release|x64
		{A1B0AB68-6B15-4D40-8C3F-847F771A0277}.Release|x64.Build.0 = Release|x64
		{A1B0AB68-6B15-4D40-8C3F-847F771A0277}.Release|x86.ActiveCfg = Release|Win32
		{A1B0AB68-6B15-4D40-8C3F-847F771A0277}.Release|x86.Build.0 = Release|Win32
	EndGlobalSection
	GlobalSection(SolutionProperties) = preSolution
		HideSolutionNode = FALSE
	EndGlobalSection
	GlobalSection(ExtensibilityGlobals) = postSolution
		SolutionGuid = {4452D80E-5310-4821-ABC6-A40EDC68E004}
	EndGlobalSection
EndGlobal
